{
  "nodes": {
    "fenix": {
      "inputs": {
        "nixpkgs": [
          "nixpkgs"
        ],
        "rust-analyzer-src": "rust-analyzer-src"
      },
      "locked": {
        "lastModified": 1654583174,
        "narHash": "sha256-EhLD9LxKCAQYEUT0BlcjngXe2cp+C62aIcy6JkMu9IY=",
        "owner": "nix-community",
        "repo": "fenix",
        "rev": "77b4b5570afd563d7e2b6b4acb5cd4b040092c20",
        "type": "github"
      },
      "original": {
        "owner": "nix-community",
        "repo": "fenix",
        "type": "github"
      }
    },
    "home-manager": {
      "inputs": {
        "nixpkgs": [
          "nixpkgs"
        ]
      },
      "locked": {
        "lastModified": 1654422613,
        "narHash": "sha256-ZxkMM13AnrMwYOV99ohzcqeTkAOqD9Q2SBdZ9WoFE9Y=",
        "owner": "nix-community",
        "repo": "home-manager",
        "rev": "20703892473d01c70fb10248442231fe94f4ceb4",
        "type": "github"
      },
      "original": {
        "owner": "nix-community",
        "repo": "home-manager",
        "type": "github"
      }
    },
    "nixpkgs": {
      "locked": {
        "lastModified": 1654230545,
        "narHash": "sha256-8Vlwf0x8ow6pPOK2a04bT+pxIeRnM1+O0Xv9/CuDzRs=",
        "owner": "nixos",
        "repo": "nixpkgs",
        "rev": "236cc2971ac72acd90f0ae3a797f9f83098b17ec",
        "type": "github"
      },
      "original": {
        "owner": "nixos",
        "ref": "nixos-unstable",
        "repo": "nixpkgs",
        "type": "github"
      }
    },
    "root": {
      "inputs": {
        "fenix": "fenix",
        "home-manager": "home-manager",
        "nixpkgs": "nixpkgs"
      }
    },
    "rust-analyzer-src": {
      "flake": false,
      "locked": {
        "lastModified": 1654453799,
        "narHash": "sha256-wYxRnGvTvIDk9OPbXXM9j6AYtPcLHaW/SodiDy0RYYA=",
        "owner": "rust-lang",
        "repo": "rust-analyzer",
        "rev": "ad6810e90bf89a4ef0ae21349d077050bc2a4fa2",
        "type": "github"
      },
      "original": {
        "owner": "rust-lang",
        "ref": "nightly",
        "repo": "rust-analyzer",
        "type": "github"
      }
    }
  },
  "root": "root",
  "version": 7
}
